
Microsoft Visual Studio Solution File, Format Version 12.00
# Visual Studio 15
VisualStudioVersion = 15.0.27703.2035
MinimumVisualStudioVersion = 10.0.40219.1
Project("{FAE04EC0-301F-11D3-BF4B-00C04F79EFBC}") = "Palindrome.UI", "Palindrome.UI\Palindrome.UI.csproj", "{4993C540-A745-4E6F-8F18-5FB37445E149}"
EndProject
Global
	GlobalSection(SolutionConfigurationPlatforms) = preSolution
		Debug|Any CPU = Debug|Any CPU
		Release|Any CPU = Release|Any CPU
	EndGlobalSection
	GlobalSection(ProjectConfigurationPlatforms) = postSolution
		{4993C540-A745-4E6F-8F18-5FB37445E149}.Debug|Any CPU.ActiveCfg = Debug|Any CPU
		{4993C540-A745-4E6F-8F18-5FB37445E149}.Debug|Any CPU.Build.0 = Debug|Any CPU
		{4993C540-A745-4E6F-8F18-5FB37445E149}.Release|Any CPU.ActiveCfg = Release|Any CPU
		{4993C540-A745-4E6F-8F18-5FB37445E149}.Release|Any CPU.Build.0 = Release|Any CPU
	EndGlobalSection
	GlobalSection(SolutionProperties) = preSolution
		HideSolutionNode = FALSE
	EndGlobalSection
	GlobalSection(ExtensibilityGlobals) = postSolution
		SolutionGuid = {E2DB82D6-72C9-4C9C-BF2A-C4F3ED4FDAD8}
	EndGlobalSection
EndGlobal
