
Microsoft Visual Studio Solution File, Format Version 12.00
# Visual Studio 15
VisualStudioVersion = 15.0.27703.2035
MinimumVisualStudioVersion = 10.0.40219.1
Project("{FAE04EC0-301F-11D3-BF4B-00C04F79EFBC}") = "AzureDBProgram.cs", "AzureDBProgram.cs\AzureDBProgram.cs.csproj", "{47279193-6225-4656-BF50-8A91911A08A0}"
EndProject
Global
	GlobalSection(SolutionConfigurationPlatforms) = preSolution
		Debug|Any CPU = Debug|Any CPU
		Release|Any CPU = Release|Any CPU
	EndGlobalSection
	GlobalSection(ProjectConfigurationPlatforms) = postSolution
		{47279193-6225-4656-BF50-8A91911A08A0}.Debug|Any CPU.ActiveCfg = Debug|Any CPU
		{47279193-6225-4656-BF50-8A91911A08A0}.Debug|Any CPU.Build.0 = Debug|Any CPU
		{47279193-6225-4656-BF50-8A91911A08A0}.Release|Any CPU.ActiveCfg = Release|Any CPU
		{47279193-6225-4656-BF50-8A91911A08A0}.Release|Any CPU.Build.0 = Release|Any CPU
	EndGlobalSection
	GlobalSection(SolutionProperties) = preSolution
		HideSolutionNode = FALSE
	EndGlobalSection
	GlobalSection(ExtensibilityGlobals) = postSolution
		SolutionGuid = {F5297955-8D4B-4469-BFE6-833A0F0FC0E8}
	EndGlobalSection
EndGlobal
