
Microsoft Visual Studio Solution File, Format Version 12.00
# Visual Studio 15
VisualStudioVersion = 15.0.27703.2035
MinimumVisualStudioVersion = 10.0.40219.1
Project("{FAE04EC0-301F-11D3-BF4B-00C04F79EFBC}") = "EntityFrameworkFirstDemo.ConsoleApp", "EntityFrameworkFirstDemo.ConsoleApp\EntityFrameworkFirstDemo.ConsoleApp.csproj", "{AC18176F-1D94-48B3-8745-D85145BA191F}"
EndProject
Project("{FAE04EC0-301F-11D3-BF4B-00C04F79EFBC}") = "EntityFrameworkFirstDemo.Data", "EntityFrameworkFirstDemo.Data\EntityFrameworkFirstDemo.Data.csproj", "{AE1A9537-8CFC-4F93-9E9E-2A8890F06DF4}"
EndProject
Global
	GlobalSection(SolutionConfigurationPlatforms) = preSolution
		Debug|Any CPU = Debug|Any CPU
		Release|Any CPU = Release|Any CPU
	EndGlobalSection
	GlobalSection(ProjectConfigurationPlatforms) = postSolution
		{AC18176F-1D94-48B3-8745-D85145BA191F}.Debug|Any CPU.ActiveCfg = Debug|Any CPU
		{AC18176F-1D94-48B3-8745-D85145BA191F}.Debug|Any CPU.Build.0 = Debug|Any CPU
		{AC18176F-1D94-48B3-8745-D85145BA191F}.Release|Any CPU.ActiveCfg = Release|Any CPU
		{AC18176F-1D94-48B3-8745-D85145BA191F}.Release|Any CPU.Build.0 = Release|Any CPU
		{AE1A9537-8CFC-4F93-9E9E-2A8890F06DF4}.Debug|Any CPU.ActiveCfg = Debug|Any CPU
		{AE1A9537-8CFC-4F93-9E9E-2A8890F06DF4}.Debug|Any CPU.Build.0 = Debug|Any CPU
		{AE1A9537-8CFC-4F93-9E9E-2A8890F06DF4}.Release|Any CPU.ActiveCfg = Release|Any CPU
		{AE1A9537-8CFC-4F93-9E9E-2A8890F06DF4}.Release|Any CPU.Build.0 = Release|Any CPU
	EndGlobalSection
	GlobalSection(SolutionProperties) = preSolution
		HideSolutionNode = FALSE
	EndGlobalSection
	GlobalSection(ExtensibilityGlobals) = postSolution
		SolutionGuid = {29A88CAA-65A7-46A6-AED7-70AF6FCF9FB4}
	EndGlobalSection
EndGlobal
