
Microsoft Visual Studio Solution File, Format Version 12.00
# Visual Studio 15
VisualStudioVersion = 15.0.27703.2035
MinimumVisualStudioVersion = 10.0.40219.1
Project("{FAE04EC0-301F-11D3-BF4B-00C04F79EFBC}") = "Palindrome.Library", "Palindrome.Library\Palindrome.Library.csproj", "{00766F09-8A83-4B4A-9428-957ECD479969}"
EndProject
Project("{FAE04EC0-301F-11D3-BF4B-00C04F79EFBC}") = "Palindrome.Test", "Palindrome.Test\Palindrome.Test.csproj", "{560198DE-6A0A-43A0-A407-D34DA2C8C2CC}"
EndProject
Global
	GlobalSection(SolutionConfigurationPlatforms) = preSolution
		Debug|Any CPU = Debug|Any CPU
		Release|Any CPU = Release|Any CPU
	EndGlobalSection
	GlobalSection(ProjectConfigurationPlatforms) = postSolution
		{00766F09-8A83-4B4A-9428-957ECD479969}.Debug|Any CPU.ActiveCfg = Debug|Any CPU
		{00766F09-8A83-4B4A-9428-957ECD479969}.Debug|Any CPU.Build.0 = Debug|Any CPU
		{00766F09-8A83-4B4A-9428-957ECD479969}.Release|Any CPU.ActiveCfg = Release|Any CPU
		{00766F09-8A83-4B4A-9428-957ECD479969}.Release|Any CPU.Build.0 = Release|Any CPU
		{560198DE-6A0A-43A0-A407-D34DA2C8C2CC}.Debug|Any CPU.ActiveCfg = Debug|Any CPU
		{560198DE-6A0A-43A0-A407-D34DA2C8C2CC}.Debug|Any CPU.Build.0 = Debug|Any CPU
		{560198DE-6A0A-43A0-A407-D34DA2C8C2CC}.Release|Any CPU.ActiveCfg = Release|Any CPU
		{560198DE-6A0A-43A0-A407-D34DA2C8C2CC}.Release|Any CPU.Build.0 = Release|Any CPU
	EndGlobalSection
	GlobalSection(SolutionProperties) = preSolution
		HideSolutionNode = FALSE
	EndGlobalSection
	GlobalSection(ExtensibilityGlobals) = postSolution
		SolutionGuid = {45CE29F6-3E5E-4EA0-B696-2AA9A1E6C605}
	EndGlobalSection
EndGlobal
