
Microsoft Visual Studio Solution File, Format Version 12.00
# Visual Studio 15
VisualStudioVersion = 15.0.27703.2035
MinimumVisualStudioVersion = 10.0.40219.1
<<<<<<< HEAD
Project("{9A19103F-16F7-4668-BE54-9A1E7A4F7556}") = "Palindrome.Library", "Palindrome.Library\Palindrome.Library.csproj", "{8C128394-A8E3-43E6-9FF7-A452BF199883}"
EndProject
Project("{9A19103F-16F7-4668-BE54-9A1E7A4F7556}") = "Palindrome.Test", "Palindrome.Test\Palindrome.Test.csproj", "{8E6F9B43-9176-4867-951F-C2483948047E}"
=======
Project("{FAE04EC0-301F-11D3-BF4B-00C04F79EFBC}") = "Palindrome.Library", "Palindrome.Library\Palindrome.Library.csproj", "{8C128394-A8E3-43E6-9FF7-A452BF199883}"
EndProject
Project("{FAE04EC0-301F-11D3-BF4B-00C04F79EFBC}") = "Palindrome.Console", "Palindrome.Console\Palindrome.Console.csproj", "{13887D20-207D-4A47-B8AF-A0D7F525524B}"
EndProject
Project("{FAE04EC0-301F-11D3-BF4B-00C04F79EFBC}") = "Palindrome.Test", "Palindrome.Test\Palindrome.Test.csproj", "{8E6F9B43-9176-4867-951F-C2483948047E}"
>>>>>>> master
EndProject
Global
	GlobalSection(SolutionConfigurationPlatforms) = preSolution
		Debug|Any CPU = Debug|Any CPU
		Release|Any CPU = Release|Any CPU
	EndGlobalSection
	GlobalSection(ProjectConfigurationPlatforms) = postSolution
		{8C128394-A8E3-43E6-9FF7-A452BF199883}.Debug|Any CPU.ActiveCfg = Debug|Any CPU
		{8C128394-A8E3-43E6-9FF7-A452BF199883}.Debug|Any CPU.Build.0 = Debug|Any CPU
		{8C128394-A8E3-43E6-9FF7-A452BF199883}.Release|Any CPU.ActiveCfg = Release|Any CPU
		{8C128394-A8E3-43E6-9FF7-A452BF199883}.Release|Any CPU.Build.0 = Release|Any CPU
<<<<<<< HEAD
=======
		{13887D20-207D-4A47-B8AF-A0D7F525524B}.Debug|Any CPU.ActiveCfg = Debug|Any CPU
		{13887D20-207D-4A47-B8AF-A0D7F525524B}.Debug|Any CPU.Build.0 = Debug|Any CPU
		{13887D20-207D-4A47-B8AF-A0D7F525524B}.Release|Any CPU.ActiveCfg = Release|Any CPU
		{13887D20-207D-4A47-B8AF-A0D7F525524B}.Release|Any CPU.Build.0 = Release|Any CPU
>>>>>>> master
		{8E6F9B43-9176-4867-951F-C2483948047E}.Debug|Any CPU.ActiveCfg = Debug|Any CPU
		{8E6F9B43-9176-4867-951F-C2483948047E}.Debug|Any CPU.Build.0 = Debug|Any CPU
		{8E6F9B43-9176-4867-951F-C2483948047E}.Release|Any CPU.ActiveCfg = Release|Any CPU
		{8E6F9B43-9176-4867-951F-C2483948047E}.Release|Any CPU.Build.0 = Release|Any CPU
	EndGlobalSection
	GlobalSection(SolutionProperties) = preSolution
		HideSolutionNode = FALSE
	EndGlobalSection
	GlobalSection(ExtensibilityGlobals) = postSolution
		SolutionGuid = {9FD85E55-B5C0-4398-AC96-04B004DE9151}
	EndGlobalSection
EndGlobal
