
Microsoft Visual Studio Solution File, Format Version 12.00
# Visual Studio 15
VisualStudioVersion = 15.0.27703.2035
MinimumVisualStudioVersion = 10.0.40219.1
Project("{FAE04EC0-301F-11D3-BF4B-00C04F79EFBC}") = "Palindrome", "Palindrome\Palindrome.csproj", "{CA298291-7D26-4CFB-9F45-4B6DD93A21A9}"
EndProject
Project("{FAE04EC0-301F-11D3-BF4B-00C04F79EFBC}") = "PalindromeTest", "PalindromeTest\PalindromeTest.csproj", "{AD17099F-CAC6-47E8-B38D-77D605A5C162}"
EndProject
Global
	GlobalSection(SolutionConfigurationPlatforms) = preSolution
		Debug|Any CPU = Debug|Any CPU
		Release|Any CPU = Release|Any CPU
	EndGlobalSection
	GlobalSection(ProjectConfigurationPlatforms) = postSolution
		{CA298291-7D26-4CFB-9F45-4B6DD93A21A9}.Debug|Any CPU.ActiveCfg = Debug|Any CPU
		{CA298291-7D26-4CFB-9F45-4B6DD93A21A9}.Debug|Any CPU.Build.0 = Debug|Any CPU
		{CA298291-7D26-4CFB-9F45-4B6DD93A21A9}.Release|Any CPU.ActiveCfg = Release|Any CPU
		{CA298291-7D26-4CFB-9F45-4B6DD93A21A9}.Release|Any CPU.Build.0 = Release|Any CPU
		{AD17099F-CAC6-47E8-B38D-77D605A5C162}.Debug|Any CPU.ActiveCfg = Debug|Any CPU
		{AD17099F-CAC6-47E8-B38D-77D605A5C162}.Debug|Any CPU.Build.0 = Debug|Any CPU
		{AD17099F-CAC6-47E8-B38D-77D605A5C162}.Release|Any CPU.ActiveCfg = Release|Any CPU
		{AD17099F-CAC6-47E8-B38D-77D605A5C162}.Release|Any CPU.Build.0 = Release|Any CPU
	EndGlobalSection
	GlobalSection(SolutionProperties) = preSolution
		HideSolutionNode = FALSE
	EndGlobalSection
	GlobalSection(ExtensibilityGlobals) = postSolution
		SolutionGuid = {99BA2FFC-0274-48C5-B547-64C637DF37A1}
	EndGlobalSection
EndGlobal
