
Microsoft Visual Studio Solution File, Format Version 12.00
# Visual Studio 15
VisualStudioVersion = 15.0.27703.2035
MinimumVisualStudioVersion = 10.0.40219.1
Project("{FAE04EC0-301F-11D3-BF4B-00C04F79EFBC}") = "Singleton.Interface", "Singleton.Interface\Singleton.Interface.csproj", "{B4111745-4D4E-43BB-9DC7-09E58BFCF695}"
EndProject
Project("{FAE04EC0-301F-11D3-BF4B-00C04F79EFBC}") = "Singleton.Library", "Singleton.Library\Singleton.Library.csproj", "{7B923557-6EDB-4D6A-BE31-D35ADC1E471E}"
EndProject
Project("{FAE04EC0-301F-11D3-BF4B-00C04F79EFBC}") = "Singleton.Test", "Singleton.Test\Singleton.Test.csproj", "{993991AF-622C-4E26-AD8E-2961744D2CB4}"
EndProject
Global
	GlobalSection(SolutionConfigurationPlatforms) = preSolution
		Debug|Any CPU = Debug|Any CPU
		Release|Any CPU = Release|Any CPU
	EndGlobalSection
	GlobalSection(ProjectConfigurationPlatforms) = postSolution
		{B4111745-4D4E-43BB-9DC7-09E58BFCF695}.Debug|Any CPU.ActiveCfg = Debug|Any CPU
		{B4111745-4D4E-43BB-9DC7-09E58BFCF695}.Debug|Any CPU.Build.0 = Debug|Any CPU
		{B4111745-4D4E-43BB-9DC7-09E58BFCF695}.Release|Any CPU.ActiveCfg = Release|Any CPU
		{B4111745-4D4E-43BB-9DC7-09E58BFCF695}.Release|Any CPU.Build.0 = Release|Any CPU
		{7B923557-6EDB-4D6A-BE31-D35ADC1E471E}.Debug|Any CPU.ActiveCfg = Debug|Any CPU
		{7B923557-6EDB-4D6A-BE31-D35ADC1E471E}.Debug|Any CPU.Build.0 = Debug|Any CPU
		{7B923557-6EDB-4D6A-BE31-D35ADC1E471E}.Release|Any CPU.ActiveCfg = Release|Any CPU
		{7B923557-6EDB-4D6A-BE31-D35ADC1E471E}.Release|Any CPU.Build.0 = Release|Any CPU
		{993991AF-622C-4E26-AD8E-2961744D2CB4}.Debug|Any CPU.ActiveCfg = Debug|Any CPU
		{993991AF-622C-4E26-AD8E-2961744D2CB4}.Debug|Any CPU.Build.0 = Debug|Any CPU
		{993991AF-622C-4E26-AD8E-2961744D2CB4}.Release|Any CPU.ActiveCfg = Release|Any CPU
		{993991AF-622C-4E26-AD8E-2961744D2CB4}.Release|Any CPU.Build.0 = Release|Any CPU
	EndGlobalSection
	GlobalSection(SolutionProperties) = preSolution
		HideSolutionNode = FALSE
	EndGlobalSection
	GlobalSection(ExtensibilityGlobals) = postSolution
		SolutionGuid = {401F5B37-1F70-405F-8D68-39006099563E}
	EndGlobalSection
EndGlobal
