
Microsoft Visual Studio Solution File, Format Version 12.00
# Visual Studio 15
VisualStudioVersion = 15.0.27703.2035
MinimumVisualStudioVersion = 10.0.40219.1
Project("{FAE04EC0-301F-11D3-BF4B-00C04F79EFBC}") = "Fizzbuzz", "Fizzbuzz\Fizzbuzz.csproj", "{0F7788B8-895A-47E5-BE99-8848C551767C}"
EndProject
Global
	GlobalSection(SolutionConfigurationPlatforms) = preSolution
		Debug|Any CPU = Debug|Any CPU
		Release|Any CPU = Release|Any CPU
	EndGlobalSection
	GlobalSection(ProjectConfigurationPlatforms) = postSolution
		{0F7788B8-895A-47E5-BE99-8848C551767C}.Debug|Any CPU.ActiveCfg = Debug|Any CPU
		{0F7788B8-895A-47E5-BE99-8848C551767C}.Debug|Any CPU.Build.0 = Debug|Any CPU
		{0F7788B8-895A-47E5-BE99-8848C551767C}.Release|Any CPU.ActiveCfg = Release|Any CPU
		{0F7788B8-895A-47E5-BE99-8848C551767C}.Release|Any CPU.Build.0 = Release|Any CPU
	EndGlobalSection
	GlobalSection(SolutionProperties) = preSolution
		HideSolutionNode = FALSE
	EndGlobalSection
	GlobalSection(ExtensibilityGlobals) = postSolution
		SolutionGuid = {219494D9-1ECE-4253-9199-673DA4DF7C10}
	EndGlobalSection
EndGlobal
